
Microsoft Visual Studio Solution File, Format Version 12.00
Project("{FAE04EC0-301F-11D3-BF4B-00C04F79EFBC}") = "Porticle.CLDR.Generator", "Porticle.CLDR.Generator\Porticle.CLDR.Generator.csproj", "{C89FFEA9-506E-49FB-8903-49B1779C3078}"
EndProject
Project("{FAE04EC0-301F-11D3-BF4B-00C04F79EFBC}") = "Porticle.CLDR.Units", "Porticle.CLDR.Units\Porticle.CLDR.Units.csproj", "{BE19BE45-C25F-471A-9D7F-E0F83CE5D079}"
EndProject
Project("{FAE04EC0-301F-11D3-BF4B-00C04F79EFBC}") = "Porticle.CLDR.Units.Tests", "Porticle.CLDR.Units.Tests\Porticle.CLDR.Units.Tests.csproj", "{11213F30-ECBB-4C2A-9CFE-C2A62AA52F9A}"
EndProject
Global
	GlobalSection(SolutionConfigurationPlatforms) = preSolution
		Debug|Any CPU = Debug|Any CPU
		Release|Any CPU = Release|Any CPU
	EndGlobalSection
	GlobalSection(ProjectConfigurationPlatforms) = postSolution
		{C89FFEA9-506E-49FB-8903-49B1779C3078}.Debug|Any CPU.ActiveCfg = Debug|Any CPU
		{C89FFEA9-506E-49FB-8903-49B1779C3078}.Debug|Any CPU.Build.0 = Debug|Any CPU
		{C89FFEA9-506E-49FB-8903-49B1779C3078}.Release|Any CPU.ActiveCfg = Release|Any CPU
		{C89FFEA9-506E-49FB-8903-49B1779C3078}.Release|Any CPU.Build.0 = Release|Any CPU
		{BE19BE45-C25F-471A-9D7F-E0F83CE5D079}.Debug|Any CPU.ActiveCfg = Debug|Any CPU
		{BE19BE45-C25F-471A-9D7F-E0F83CE5D079}.Debug|Any CPU.Build.0 = Debug|Any CPU
		{BE19BE45-C25F-471A-9D7F-E0F83CE5D079}.Release|Any CPU.ActiveCfg = Release|Any CPU
		{BE19BE45-C25F-471A-9D7F-E0F83CE5D079}.Release|Any CPU.Build.0 = Release|Any CPU
		{11213F30-ECBB-4C2A-9CFE-C2A62AA52F9A}.Debug|Any CPU.ActiveCfg = Debug|Any CPU
		{11213F30-ECBB-4C2A-9CFE-C2A62AA52F9A}.Debug|Any CPU.Build.0 = Debug|Any CPU
		{11213F30-ECBB-4C2A-9CFE-C2A62AA52F9A}.Release|Any CPU.ActiveCfg = Release|Any CPU
		{11213F30-ECBB-4C2A-9CFE-C2A62AA52F9A}.Release|Any CPU.Build.0 = Release|Any CPU
	EndGlobalSection
EndGlobal
